
Microsoft Visual Studio Solution File, Format Version 12.00
# Visual Studio Version 16
VisualStudioVersion = 16.0.29324.140
MinimumVisualStudioVersion = 10.0.40219.1
Project("{FAE04EC0-301F-11D3-BF4B-00C04F79EFBC}") = "SocketServerLesson", "SocketServerLesson\SocketServerLesson.csproj", "{477DCE3A-8CC7-45CA-B5BA-72F9D57C14C2}"
EndProject
Global
	GlobalSection(SolutionConfigurationPlatforms) = preSolution
		Debug|Any CPU = Debug|Any CPU
		Release|Any CPU = Release|Any CPU
	EndGlobalSection
	GlobalSection(ProjectConfigurationPlatforms) = postSolution
		{477DCE3A-8CC7-45CA-B5BA-72F9D57C14C2}.Debug|Any CPU.ActiveCfg = Debug|Any CPU
		{477DCE3A-8CC7-45CA-B5BA-72F9D57C14C2}.Debug|Any CPU.Build.0 = Debug|Any CPU
		{477DCE3A-8CC7-45CA-B5BA-72F9D57C14C2}.Release|Any CPU.ActiveCfg = Release|Any CPU
		{477DCE3A-8CC7-45CA-B5BA-72F9D57C14C2}.Release|Any CPU.Build.0 = Release|Any CPU
	EndGlobalSection
	GlobalSection(SolutionProperties) = preSolution
		HideSolutionNode = FALSE
	EndGlobalSection
	GlobalSection(ExtensibilityGlobals) = postSolution
		SolutionGuid = {DA2573CB-8547-4948-8998-309A5C03F4F0}
	EndGlobalSection
EndGlobal
